
Microsoft Visual Studio Solution File, Format Version 12.00
# Visual Studio Version 16
VisualStudioVersion = 16.0.32126.315
MinimumVisualStudioVersion = 10.0.40219.1
Project("{FAE04EC0-301F-11D3-BF4B-00C04F79EFBC}") = "29_03_2002_Classwork_Library", "29_03_2002_Classwork_Library\29_03_2002_Classwork_Library.csproj", "{E88CBA54-F538-45BD-A20A-8C204A0CCAF0}"
EndProject
Global
	GlobalSection(SolutionConfigurationPlatforms) = preSolution
		Debug|Any CPU = Debug|Any CPU
		Release|Any CPU = Release|Any CPU
	EndGlobalSection
	GlobalSection(ProjectConfigurationPlatforms) = postSolution
		{E88CBA54-F538-45BD-A20A-8C204A0CCAF0}.Debug|Any CPU.ActiveCfg = Debug|Any CPU
		{E88CBA54-F538-45BD-A20A-8C204A0CCAF0}.Debug|Any CPU.Build.0 = Debug|Any CPU
		{E88CBA54-F538-45BD-A20A-8C204A0CCAF0}.Release|Any CPU.ActiveCfg = Release|Any CPU
		{E88CBA54-F538-45BD-A20A-8C204A0CCAF0}.Release|Any CPU.Build.0 = Release|Any CPU
	EndGlobalSection
	GlobalSection(SolutionProperties) = preSolution
		HideSolutionNode = FALSE
	EndGlobalSection
	GlobalSection(ExtensibilityGlobals) = postSolution
		SolutionGuid = {F30646A6-B15C-4477-80B1-E22155A681F6}
	EndGlobalSection
EndGlobal
